{
  "object": {
    "pins": [
      {
        "package": "RequestKit",
        "repositoryURL": "https://github.com/fortmarek/RequestKit.git",
        "state": {
          "branch": "master",
          "revision": "f6214778b81f46028f11175dba291fbc32900861",
          "version": null
        }
      }
    ]
  },
  "version": 1
}
